
Microsoft Visual Studio Solution File, Format Version 12.00
# Visual Studio 2013
VisualStudioVersion = 12.0.31101.0
MinimumVisualStudioVersion = 10.0.40219.1
Project("{2150E333-8FDC-42A3-9474-1A3956D46DE8}") = ".nuget", ".nuget", "{745947CD-2F49-4A85-8529-75878F03E910}"
	ProjectSection(SolutionItems) = preProject
		.nuget\NuGet.Config = .nuget\NuGet.Config
		.nuget\NuGet.exe = .nuget\NuGet.exe
		.nuget\NuGet.targets = .nuget\NuGet.targets
	EndProjectSection
EndProject
Project("{2150E333-8FDC-42A3-9474-1A3956D46DE8}") = "01 Core", "01 Core", "{ABBF71DA-6954-4F21-A0D6-8511798E35F4}"
EndProject
Project("{2150E333-8FDC-42A3-9474-1A3956D46DE8}") = "03 Services", "03 Services", "{273DF920-11B8-4D91-9E86-4763C31D8759}"
EndProject
Project("{2150E333-8FDC-42A3-9474-1A3956D46DE8}") = "04 Web", "04 Web", "{3BFE0D00-F084-4FC0-ADA4-F4ABFCD7EE06}"
EndProject
Project("{2150E333-8FDC-42A3-9474-1A3956D46DE8}") = "05 External Projects", "05 External Projects", "{B7EE607C-F49A-4BF5-B414-30382C351FEF}"
EndProject
Project("{FAE04EC0-301F-11D3-BF4B-00C04F79EFBC}") = "Core", "Core\Core.csproj", "{594754A5-25F4-4DFE-AD94-39586B513D65}"
EndProject
Project("{FAE04EC0-301F-11D3-BF4B-00C04F79EFBC}") = "Services", "Sevices\Services.csproj", "{D4ED85F0-701C-4BE1-9614-04BC215BB2F5}"
EndProject
Project("{FAE04EC0-301F-11D3-BF4B-00C04F79EFBC}") = "Portal", "Portal\Portal.csproj", "{8A4E31F8-B4C0-4400-A9F9-E616C6B1599D}"
EndProject
Project("{FAE04EC0-301F-11D3-BF4B-00C04F79EFBC}") = "DataAccessModule", "General Modules\DataAccessModule\DataAccessModule.csproj", "{C356CEEF-E882-4382-9E23-648A029B969D}"
EndProject
Project("{FAE04EC0-301F-11D3-BF4B-00C04F79EFBC}") = "CommonUtilitiesModule", "General Modules\CommonUtilitiesModule\CommonUtilitiesModule.csproj", "{A8AC6E23-A36B-4BF9-9458-BCF6CE653054}"
EndProject
Project("{2150E333-8FDC-42A3-9474-1A3956D46DE8}") = "02 Data", "02 Data", "{72FCFC0E-7B86-4741-814F-86DFE4106B8A}"
EndProject
Project("{FAE04EC0-301F-11D3-BF4B-00C04F79EFBC}") = "Data", "Data\Data.csproj", "{F32D3748-796C-45E2-B553-60EE0721ABEE}"
EndProject
Global
	GlobalSection(SolutionConfigurationPlatforms) = preSolution
		Debug|Any CPU = Debug|Any CPU
		Release|Any CPU = Release|Any CPU
	EndGlobalSection
	GlobalSection(ProjectConfigurationPlatforms) = postSolution
		{594754A5-25F4-4DFE-AD94-39586B513D65}.Debug|Any CPU.ActiveCfg = Debug|Any CPU
		{594754A5-25F4-4DFE-AD94-39586B513D65}.Debug|Any CPU.Build.0 = Debug|Any CPU
		{594754A5-25F4-4DFE-AD94-39586B513D65}.Release|Any CPU.ActiveCfg = Release|Any CPU
		{594754A5-25F4-4DFE-AD94-39586B513D65}.Release|Any CPU.Build.0 = Release|Any CPU
		{D4ED85F0-701C-4BE1-9614-04BC215BB2F5}.Debug|Any CPU.ActiveCfg = Debug|Any CPU
		{D4ED85F0-701C-4BE1-9614-04BC215BB2F5}.Debug|Any CPU.Build.0 = Debug|Any CPU
		{D4ED85F0-701C-4BE1-9614-04BC215BB2F5}.Release|Any CPU.ActiveCfg = Release|Any CPU
		{D4ED85F0-701C-4BE1-9614-04BC215BB2F5}.Release|Any CPU.Build.0 = Release|Any CPU
		{8A4E31F8-B4C0-4400-A9F9-E616C6B1599D}.Debug|Any CPU.ActiveCfg = Debug|Any CPU
		{8A4E31F8-B4C0-4400-A9F9-E616C6B1599D}.Debug|Any CPU.Build.0 = Debug|Any CPU
		{8A4E31F8-B4C0-4400-A9F9-E616C6B1599D}.Release|Any CPU.ActiveCfg = Release|Any CPU
		{8A4E31F8-B4C0-4400-A9F9-E616C6B1599D}.Release|Any CPU.Build.0 = Release|Any CPU
		{C356CEEF-E882-4382-9E23-648A029B969D}.Debug|Any CPU.ActiveCfg = Debug|Any CPU
		{C356CEEF-E882-4382-9E23-648A029B969D}.Debug|Any CPU.Build.0 = Debug|Any CPU
		{C356CEEF-E882-4382-9E23-648A029B969D}.Release|Any CPU.ActiveCfg = Release|Any CPU
		{C356CEEF-E882-4382-9E23-648A029B969D}.Release|Any CPU.Build.0 = Release|Any CPU
		{A8AC6E23-A36B-4BF9-9458-BCF6CE653054}.Debug|Any CPU.ActiveCfg = Debug|Any CPU
		{A8AC6E23-A36B-4BF9-9458-BCF6CE653054}.Debug|Any CPU.Build.0 = Debug|Any CPU
		{A8AC6E23-A36B-4BF9-9458-BCF6CE653054}.Release|Any CPU.ActiveCfg = Release|Any CPU
		{A8AC6E23-A36B-4BF9-9458-BCF6CE653054}.Release|Any CPU.Build.0 = Release|Any CPU
		{F32D3748-796C-45E2-B553-60EE0721ABEE}.Debug|Any CPU.ActiveCfg = Debug|Any CPU
		{F32D3748-796C-45E2-B553-60EE0721ABEE}.Debug|Any CPU.Build.0 = Debug|Any CPU
		{F32D3748-796C-45E2-B553-60EE0721ABEE}.Release|Any CPU.ActiveCfg = Release|Any CPU
		{F32D3748-796C-45E2-B553-60EE0721ABEE}.Release|Any CPU.Build.0 = Release|Any CPU
	EndGlobalSection
	GlobalSection(SolutionProperties) = preSolution
		HideSolutionNode = FALSE
	EndGlobalSection
	GlobalSection(NestedProjects) = preSolution
		{594754A5-25F4-4DFE-AD94-39586B513D65} = {ABBF71DA-6954-4F21-A0D6-8511798E35F4}
		{D4ED85F0-701C-4BE1-9614-04BC215BB2F5} = {273DF920-11B8-4D91-9E86-4763C31D8759}
		{8A4E31F8-B4C0-4400-A9F9-E616C6B1599D} = {3BFE0D00-F084-4FC0-ADA4-F4ABFCD7EE06}
		{C356CEEF-E882-4382-9E23-648A029B969D} = {B7EE607C-F49A-4BF5-B414-30382C351FEF}
		{A8AC6E23-A36B-4BF9-9458-BCF6CE653054} = {B7EE607C-F49A-4BF5-B414-30382C351FEF}
		{F32D3748-796C-45E2-B553-60EE0721ABEE} = {72FCFC0E-7B86-4741-814F-86DFE4106B8A}
	EndGlobalSection
EndGlobal
